
Microsoft Visual Studio Solution File, Format Version 12.00
# Visual Studio Version 16
VisualStudioVersion = 16.0.30204.135
MinimumVisualStudioVersion = 10.0.40219.1
Project("{F184B08F-C81C-45F6-A57F-5ABD9991F28F}") = "PCInformix1", "PCInformix1.vbproj", "{21A2ADF3-9C0F-4B15-A753-9A3EE825D416}"
EndProject
Global
	GlobalSection(SolutionConfigurationPlatforms) = preSolution
		Debug|Any CPU = Debug|Any CPU
		Release|Any CPU = Release|Any CPU
	EndGlobalSection
	GlobalSection(ProjectConfigurationPlatforms) = postSolution
		{21A2ADF3-9C0F-4B15-A753-9A3EE825D416}.Debug|Any CPU.ActiveCfg = Debug|Any CPU
		{21A2ADF3-9C0F-4B15-A753-9A3EE825D416}.Debug|Any CPU.Build.0 = Debug|Any CPU
		{21A2ADF3-9C0F-4B15-A753-9A3EE825D416}.Release|Any CPU.ActiveCfg = Release|Any CPU
		{21A2ADF3-9C0F-4B15-A753-9A3EE825D416}.Release|Any CPU.Build.0 = Release|Any CPU
	EndGlobalSection
	GlobalSection(SolutionProperties) = preSolution
		HideSolutionNode = FALSE
	EndGlobalSection
	GlobalSection(ExtensibilityGlobals) = postSolution
		SolutionGuid = {1F99D345-A49F-41ED-9CDF-1C93BEA197F6}
	EndGlobalSection
EndGlobal
